
Microsoft Visual Studio Solution File, Format Version 12.00
# Visual Studio 15
VisualStudioVersion = 15.0.26430.6
MinimumVisualStudioVersion = 10.0.40219.1
Project("{F184B08F-C81C-45F6-A57F-5ABD9991F28F}") = "BOT_PRUEBAS", "BOT_PRUEBAS\BOT_PRUEBAS.vbproj", "{2FC2F66B-DE95-4D96-AF57-77BFD58B8307}"
EndProject
Global
	GlobalSection(SolutionConfigurationPlatforms) = preSolution
		Debug|Any CPU = Debug|Any CPU
		Release|Any CPU = Release|Any CPU
	EndGlobalSection
	GlobalSection(ProjectConfigurationPlatforms) = postSolution
		{2FC2F66B-DE95-4D96-AF57-77BFD58B8307}.Debug|Any CPU.ActiveCfg = Debug|Any CPU
		{2FC2F66B-DE95-4D96-AF57-77BFD58B8307}.Debug|Any CPU.Build.0 = Debug|Any CPU
		{2FC2F66B-DE95-4D96-AF57-77BFD58B8307}.Release|Any CPU.ActiveCfg = Release|Any CPU
		{2FC2F66B-DE95-4D96-AF57-77BFD58B8307}.Release|Any CPU.Build.0 = Release|Any CPU
	EndGlobalSection
	GlobalSection(SolutionProperties) = preSolution
		HideSolutionNode = FALSE
	EndGlobalSection
EndGlobal
